
Microsoft Visual Studio Solution File, Format Version 12.00
# Visual Studio Version 16
VisualStudioVersion = 16.0.30413.136
MinimumVisualStudioVersion = 10.0.40219.1
Project("{9A19103F-16F7-4668-BE54-9A1E7A4F7556}") = "Lambda.DynamoDB.AtomicCounter", "Lambda.DynamoDB.AtomicCounter\Lambda.DynamoDB.AtomicCounter.csproj", "{3CA25284-9A1E-4436-9D4A-16483B168888}"
EndProject
Project("{FAE04EC0-301F-11D3-BF4B-00C04F79EFBC}") = "Lambda.DynamoDB.AtomicCounter.Model", "Lambda.DynamoDB.AtomicCounter.Model\Lambda.DynamoDB.AtomicCounter.Model.csproj", "{54634FCD-DBD7-4A81-AB85-A733BAD65C20}"
EndProject
Global
	GlobalSection(SolutionConfigurationPlatforms) = preSolution
		Debug|Any CPU = Debug|Any CPU
		Release|Any CPU = Release|Any CPU
	EndGlobalSection
	GlobalSection(ProjectConfigurationPlatforms) = postSolution
		{3CA25284-9A1E-4436-9D4A-16483B168888}.Debug|Any CPU.ActiveCfg = Debug|Any CPU
		{3CA25284-9A1E-4436-9D4A-16483B168888}.Debug|Any CPU.Build.0 = Debug|Any CPU
		{3CA25284-9A1E-4436-9D4A-16483B168888}.Release|Any CPU.ActiveCfg = Release|Any CPU
		{3CA25284-9A1E-4436-9D4A-16483B168888}.Release|Any CPU.Build.0 = Release|Any CPU
		{54634FCD-DBD7-4A81-AB85-A733BAD65C20}.Debug|Any CPU.ActiveCfg = Debug|Any CPU
		{54634FCD-DBD7-4A81-AB85-A733BAD65C20}.Debug|Any CPU.Build.0 = Debug|Any CPU
		{54634FCD-DBD7-4A81-AB85-A733BAD65C20}.Release|Any CPU.ActiveCfg = Release|Any CPU
		{54634FCD-DBD7-4A81-AB85-A733BAD65C20}.Release|Any CPU.Build.0 = Release|Any CPU
	EndGlobalSection
	GlobalSection(SolutionProperties) = preSolution
		HideSolutionNode = FALSE
	EndGlobalSection
	GlobalSection(ExtensibilityGlobals) = postSolution
		SolutionGuid = {0726FB39-A2E7-4BA5-96C0-2515D45FB79D}
	EndGlobalSection
EndGlobal
